{
  "name": "jointjs-rough",
  "version": "1.0.0",
  "lockfileVersion": 1,
  "requires": true,
  "dependencies": {
    "roughjs": {
      "version": "3.1.0",
      "resolved": "https://registry.npmjs.org/roughjs/-/roughjs-3.1.0.tgz",
      "integrity": "sha512-WJIKyWxBlEIuMeK0foUZD1KVYzT6Dn62ksawZrlu3BzxUxgtPdnlCMDgX/C3N5gxj/AMRazstKOFm70tqTo5Bw==",
      "requires": {
        "workly": "^1.2.0"
      }
    },
    "workly": {
      "version": "1.3.0",
      "resolved": "https://registry.npmjs.org/workly/-/workly-1.3.0.tgz",
      "integrity": "sha512-eozpibnwnyvsWJEoADCfo3171Ncl4J/57PQnZN37eoVgQG7buf3KEpPNfewDKH4OXf3eAZaUAF57i4ko5zY9Cw=="
    }
  }
}
