{
	"requires": true,
	"lockfileVersion": 1,
	"dependencies": {
		"dagre": {
			"version": "github:clientIO/dagre#99d86433de741e3e1508c0e59ac2917863156896",
			"requires": {
				"graphlib": "2.1.1",
				"lodash": "4.17.4",
				"npm-install-security-check": "1.0.4"
			}
		},
		"graphlib": {
			"version": "2.1.1",
			"resolved": "https://registry.npmjs.org/graphlib/-/graphlib-2.1.1.tgz",
			"integrity": "sha1-QjUsUrovTQNctWbrkfc5X3bryVE=",
			"requires": {
				"lodash": "4.17.4"
			}
		},
		"lodash": {
			"version": "4.17.4",
			"resolved": "https://registry.npmjs.org/lodash/-/lodash-4.17.4.tgz",
			"integrity": "sha1-eCA6TRwyiuHYbcpkYONptX9AVa4="
		},
		"npm-install-security-check": {
			"version": "1.0.4",
			"resolved": "https://registry.npmjs.org/npm-install-security-check/-/npm-install-security-check-1.0.4.tgz",
			"integrity": "sha1-7EGcyCgOs3q7DYefSu9/A7mZCwg="
		}
	}
}
