{
	"requires": true,
	"lockfileVersion": 1,
	"dependencies": {
		"ciena-dagre": {
			"version": "1.0.10",
			"resolved": "https://registry.npmjs.org/ciena-dagre/-/ciena-dagre-1.0.10.tgz",
			"integrity": "sha512-8YpCMsfllPAQsk5OeJiVNbHBJlAV7if/actmKnDSKgrXs1f91QVzHSx0/oh2aGWNsXsdlPedwfrV6YAlpEkAwA==",
			"requires": {
				"ciena-graphlib": "1.0.8",
				"lodash": "4.17.4",
				"npm-install-security-check": "1.0.4"
			}
		},
		"ciena-graphlib": {
			"version": "1.0.8",
			"resolved": "https://registry.npmjs.org/ciena-graphlib/-/ciena-graphlib-1.0.8.tgz",
			"integrity": "sha1-rY3YCRUiGNNdqgrG6bsFrG9llQo=",
			"requires": {
				"lodash": "4.17.4",
				"npm-install-security-check": "1.0.4"
			}
		},
		"graphlib": {
			"version": "2.1.1",
			"resolved": "https://registry.npmjs.org/graphlib/-/graphlib-2.1.1.tgz",
			"integrity": "sha1-QjUsUrovTQNctWbrkfc5X3bryVE=",
			"requires": {
				"lodash": "4.17.4"
			}
		},
		"lodash": {
			"version": "4.17.4",
			"resolved": "https://registry.npmjs.org/lodash/-/lodash-4.17.4.tgz",
			"integrity": "sha1-eCA6TRwyiuHYbcpkYONptX9AVa4="
		},
		"module-alias": {
			"version": "2.0.1",
			"resolved": "https://registry.npmjs.org/module-alias/-/module-alias-2.0.1.tgz",
			"integrity": "sha512-4JTF+Ce5ZQDfl2+UU1xMh7kuUikh0zg8nprLID6bEybUvmnbXEjlZt6Caw8JVhPRI7TgFAx79wkRMMmMYGFIiw=="
		},
		"npm-install-security-check": {
			"version": "1.0.4",
			"resolved": "https://registry.npmjs.org/npm-install-security-check/-/npm-install-security-check-1.0.4.tgz",
			"integrity": "sha1-7EGcyCgOs3q7DYefSu9/A7mZCwg="
		}
	}
}
