# This file is generated by running "yarn install" inside your project.
# Manual changes might be lost - proceed with caution!

__metadata:
  version: 6
  cacheKey: 8

"@babel/helper-string-parser@npm:^7.23.4":
  version: 7.23.4
  resolution: "@babel/helper-string-parser@npm:7.23.4"
  checksum: c0641144cf1a7e7dc93f3d5f16d5327465b6cf5d036b48be61ecba41e1eece161b48f46b7f960951b67f8c3533ce506b16dece576baef4d8b3b49f8c65410f90
  languageName: node
  linkType: hard

"@babel/helper-validator-identifier@npm:^7.22.20":
  version: 7.22.20
  resolution: "@babel/helper-validator-identifier@npm:7.22.20"
  checksum: 136412784d9428266bcdd4d91c32bcf9ff0e8d25534a9d94b044f77fe76bc50f941a90319b05aafd1ec04f7d127cd57a179a3716009ff7f3412ef835ada95bdc
  languageName: node
  linkType: hard

"@babel/parser@npm:^7.11.5":
  version: 7.23.5
  resolution: "@babel/parser@npm:7.23.5"
  bin:
    parser: ./bin/babel-parser.js
  checksum: ea763629310f71580c4a3ea9d3705195b7ba994ada2cc98f9a584ebfdacf54e92b2735d351672824c2c2b03c7f19206899f4d95650d85ce514a822b19a8734c7
  languageName: node
  linkType: hard

"@babel/types@npm:^7.11.5, @babel/types@npm:^7.8.3":
  version: 7.23.5
  resolution: "@babel/types@npm:7.23.5"
  dependencies:
    "@babel/helper-string-parser": ^7.23.4
    "@babel/helper-validator-identifier": ^7.22.20
    to-fast-properties: ^2.0.0
  checksum: 3d21774480a459ef13b41c2e32700d927af649e04b70c5d164814d8e04ab584af66a93330602c2925e1a6925c2b829cc153418a613a4e7d79d011be1f29ad4b2
  languageName: node
  linkType: hard

"@joint/demo-vuejs@workspace:.":
  version: 0.0.0-use.local
  resolution: "@joint/demo-vuejs@workspace:."
  dependencies:
    vue: 3.0.0
  languageName: unknown
  linkType: soft

"@vue/compiler-core@npm:3.0.0":
  version: 3.0.0
  resolution: "@vue/compiler-core@npm:3.0.0"
  dependencies:
    "@babel/parser": ^7.11.5
    "@babel/types": ^7.11.5
    "@vue/shared": 3.0.0
    estree-walker: ^2.0.1
    source-map: ^0.6.1
  checksum: ca47c03ab00bc3d480bd45427815e5ee30c408d0839182acb8299d57f9a39c7d21431129ca90ba56f6bd710b8e6497296f0a9ddb3c3d49ea7d0c06fb0fa36fc7
  languageName: node
  linkType: hard

"@vue/compiler-dom@npm:3.0.0":
  version: 3.0.0
  resolution: "@vue/compiler-dom@npm:3.0.0"
  dependencies:
    "@vue/compiler-core": 3.0.0
    "@vue/shared": 3.0.0
  checksum: cbe58a35ec6af2f9af952093c124f4a202d249efd4f2d20bf1e10476025b233f731357b33554ef66b1e9b5a0090424771b31330c702278e7633c0d10939619cd
  languageName: node
  linkType: hard

"@vue/reactivity@npm:3.0.0":
  version: 3.0.0
  resolution: "@vue/reactivity@npm:3.0.0"
  dependencies:
    "@vue/shared": 3.0.0
  checksum: 1955b47fdc96fb7da01534d0380f42738b0b6e0353fe25f70df194911741144f2403605c8a128730b2da590b971fd44be9bdcaabade20a016c6a275123d5e323
  languageName: node
  linkType: hard

"@vue/runtime-core@npm:3.0.0":
  version: 3.0.0
  resolution: "@vue/runtime-core@npm:3.0.0"
  dependencies:
    "@vue/reactivity": 3.0.0
    "@vue/shared": 3.0.0
  checksum: 21ddc0c74208151caa44a1bccadb8b1a57bb505c4ffef57f00aa28c694f9a556c9f0af27b36fbd0dafde478ef42b4a5000d91a1259be01984f8a424c030f45e1
  languageName: node
  linkType: hard

"@vue/runtime-dom@npm:3.0.0":
  version: 3.0.0
  resolution: "@vue/runtime-dom@npm:3.0.0"
  dependencies:
    "@vue/runtime-core": 3.0.0
    "@vue/shared": 3.0.0
    csstype: ^2.6.8
  checksum: 7026d70289a96b78e8366491d15f14329468b182419ddcee75465277edd3a5600d693165c6d85252375add3b7ab0e5787a1020fe54a5855b1bd6c2ae93e0ed75
  languageName: node
  linkType: hard

"@vue/shared@npm:3.0.0":
  version: 3.0.0
  resolution: "@vue/shared@npm:3.0.0"
  checksum: 10cd76e54dd5e93cc5c521688ce6f18501b2b67b3be953475996cd0bcd5533360ba2aad18cfdb4030a598920e655778b146748c8f70e15c0101939b00760547f
  languageName: node
  linkType: hard

"csstype@npm:^2.6.8":
  version: 2.6.21
  resolution: "csstype@npm:2.6.21"
  checksum: 2ce8bc832375146eccdf6115a1f8565a27015b74cce197c35103b4494955e9516b246140425ad24103864076aa3e1257ac9bab25a06c8d931dd87a6428c9dccf
  languageName: node
  linkType: hard

"estree-walker@npm:^2.0.1":
  version: 2.0.2
  resolution: "estree-walker@npm:2.0.2"
  checksum: 6151e6f9828abe2259e57f5fd3761335bb0d2ebd76dc1a01048ccee22fabcfef3c0859300f6d83ff0d1927849368775ec5a6d265dde2f6de5a1be1721cd94efc
  languageName: node
  linkType: hard

"source-map@npm:^0.6.1":
  version: 0.6.1
  resolution: "source-map@npm:0.6.1"
  checksum: 59ce8640cf3f3124f64ac289012c2b8bd377c238e316fb323ea22fbfe83da07d81e000071d7242cad7a23cd91c7de98e4df8830ec3f133cb6133a5f6e9f67bc2
  languageName: node
  linkType: hard

"to-fast-properties@npm:^2.0.0":
  version: 2.0.0
  resolution: "to-fast-properties@npm:2.0.0"
  checksum: be2de62fe58ead94e3e592680052683b1ec986c72d589e7b21e5697f8744cdbf48c266fa72f6c15932894c10187b5f54573a3bcf7da0bfd964d5caf23d436168
  languageName: node
  linkType: hard

"vue@npm:3.0.0":
  version: 3.0.0
  resolution: "vue@npm:3.0.0"
  dependencies:
    "@vue/compiler-dom": 3.0.0
    "@vue/runtime-dom": 3.0.0
    "@vue/shared": 3.0.0
  checksum: 1e52f5858b8b4b028ccfc11ec246697f78ba2a1dadde19493e385f8b69abecb1924d5512f0c03f74f7322ef49f194ad51c8d1069c6df44cd60e8216a76add17d
  languageName: node
  linkType: hard
