# This file is generated by running "yarn install" inside your project.
# Manual changes might be lost - proceed with caution!

__metadata:
  version: 8
  cacheKey: 10

"@babel/helper-string-parser@npm:^7.23.4":
  version: 7.23.4
  resolution: "@babel/helper-string-parser@npm:7.23.4"
  checksum: 10/c352082474a2ee1d2b812bd116a56b2e8b38065df9678a32a535f151ec6f58e54633cc778778374f10544b930703cca6ddf998803888a636afa27e2658068a9c
  languageName: node
  linkType: hard

"@babel/helper-validator-identifier@npm:^7.22.20":
  version: 7.22.20
  resolution: "@babel/helper-validator-identifier@npm:7.22.20"
  checksum: 10/df882d2675101df2d507b95b195ca2f86a3ef28cb711c84f37e79ca23178e13b9f0d8b522774211f51e40168bf5142be4c1c9776a150cddb61a0d5bf3e95750b
  languageName: node
  linkType: hard

"@babel/parser@npm:^7.11.5":
  version: 7.23.5
  resolution: "@babel/parser@npm:7.23.5"
  bin:
    parser: ./bin/babel-parser.js
  checksum: 10/828c250ace0c58f9dc311fd13ad3da34e86ed27a5c6b4183ce9d85be250e78eeb71a13f6d51a368c46f8cbe51106c726bfbb158bf46a89db3a168a0002d3050a
  languageName: node
  linkType: hard

"@babel/types@npm:^7.11.5, @babel/types@npm:^7.8.3":
  version: 7.23.5
  resolution: "@babel/types@npm:7.23.5"
  dependencies:
    "@babel/helper-string-parser": "npm:^7.23.4"
    "@babel/helper-validator-identifier": "npm:^7.22.20"
    to-fast-properties: "npm:^2.0.0"
  checksum: 10/a623a4e7f396f1903659099da25bfa059694a49f42820f6b5288347f1646f0b37fb7cc550ba45644e9067149368ef34ccb1bd4a4251ec59b83b3f7765088f363
  languageName: node
  linkType: hard

"@joint/demo-vuejs@workspace:.":
  version: 0.0.0-use.local
  resolution: "@joint/demo-vuejs@workspace:."
  dependencies:
    vue: "npm:3.0.0"
  languageName: unknown
  linkType: soft

"@vue/compiler-core@npm:3.0.0":
  version: 3.0.0
  resolution: "@vue/compiler-core@npm:3.0.0"
  dependencies:
    "@babel/parser": "npm:^7.11.5"
    "@babel/types": "npm:^7.11.5"
    "@vue/shared": "npm:3.0.0"
    estree-walker: "npm:^2.0.1"
    source-map: "npm:^0.6.1"
  checksum: 10/c5e42a216dc386b65981add529ff0ad07ded982e78fe99aef32898d6e7e83b5a7ee294cb57cbddaefcfe10cf9b8875ef9a48e616900aea04c86f50d7ae7749b5
  languageName: node
  linkType: hard

"@vue/compiler-dom@npm:3.0.0":
  version: 3.0.0
  resolution: "@vue/compiler-dom@npm:3.0.0"
  dependencies:
    "@vue/compiler-core": "npm:3.0.0"
    "@vue/shared": "npm:3.0.0"
  checksum: 10/d78cb9fc730e4a7dcc2659a4f9a9e8c2e12e19a8ee45762f32dbd6db2c3a07496d88dabb3f07a296cf512593f8107a33fe9b7b3614fc0db1ace202ab35a8c5b7
  languageName: node
  linkType: hard

"@vue/reactivity@npm:3.0.0":
  version: 3.0.0
  resolution: "@vue/reactivity@npm:3.0.0"
  dependencies:
    "@vue/shared": "npm:3.0.0"
  checksum: 10/592a8e7817e74cd9810f0ebdd39cb1e96997370809d081b0dfd524b14cc0eb3f7c5b7d90629ceb8e34e8b4236b9433b30c40aae50a745693d413d5e61dc6f2ef
  languageName: node
  linkType: hard

"@vue/runtime-core@npm:3.0.0":
  version: 3.0.0
  resolution: "@vue/runtime-core@npm:3.0.0"
  dependencies:
    "@vue/reactivity": "npm:3.0.0"
    "@vue/shared": "npm:3.0.0"
  checksum: 10/9337e8c9b7cf725d8564edbec478dc3f0565640f6e185ee4e9e5a07f098aa4cbf8993c269204eb3fffcad656ff4ec53fb2246d254340ce01a391fb511ea3a04f
  languageName: node
  linkType: hard

"@vue/runtime-dom@npm:3.0.0":
  version: 3.0.0
  resolution: "@vue/runtime-dom@npm:3.0.0"
  dependencies:
    "@vue/runtime-core": "npm:3.0.0"
    "@vue/shared": "npm:3.0.0"
    csstype: "npm:^2.6.8"
  checksum: 10/67861f9cf0f5a959f333fa09c9993abb2ee3a7f737194a0f3a12239ef0a8ffe11ed3081ff210038cf27a7062b02f40f6de9ebc67a400e6fcdd49e521f45d6141
  languageName: node
  linkType: hard

"@vue/shared@npm:3.0.0":
  version: 3.0.0
  resolution: "@vue/shared@npm:3.0.0"
  checksum: 10/7cc531547798e621e148c6c93497f9c806e761ee6d0d2f31e6e46c2e355fbf77cc6c743cd669abcaa59555f0a822a2a5fb81791277ca1f04a4e87742c98b9ec4
  languageName: node
  linkType: hard

"csstype@npm:^2.6.8":
  version: 2.6.21
  resolution: "csstype@npm:2.6.21"
  checksum: 10/bf9072344fac1b56dc390fbc410b411bbc2a03fa9c3d243a74ff5687f94777f9da03a5681ac01efc2e68b51055e2c7d6a489185a85a8f01c976a85f9eec3b75e
  languageName: node
  linkType: hard

"estree-walker@npm:^2.0.1":
  version: 2.0.2
  resolution: "estree-walker@npm:2.0.2"
  checksum: 10/b02109c5d46bc2ed47de4990eef770f7457b1159a229f0999a09224d2b85ffeed2d7679cffcff90aeb4448e94b0168feb5265b209cdec29aad50a3d6e93d21e2
  languageName: node
  linkType: hard

"source-map@npm:^0.6.1":
  version: 0.6.1
  resolution: "source-map@npm:0.6.1"
  checksum: 10/59ef7462f1c29d502b3057e822cdbdae0b0e565302c4dd1a95e11e793d8d9d62006cdc10e0fd99163ca33ff2071360cf50ee13f90440806e7ed57d81cba2f7ff
  languageName: node
  linkType: hard

"to-fast-properties@npm:^2.0.0":
  version: 2.0.0
  resolution: "to-fast-properties@npm:2.0.0"
  checksum: 10/be2de62fe58ead94e3e592680052683b1ec986c72d589e7b21e5697f8744cdbf48c266fa72f6c15932894c10187b5f54573a3bcf7da0bfd964d5caf23d436168
  languageName: node
  linkType: hard

"vue@npm:3.0.0":
  version: 3.0.0
  resolution: "vue@npm:3.0.0"
  dependencies:
    "@vue/compiler-dom": "npm:3.0.0"
    "@vue/runtime-dom": "npm:3.0.0"
    "@vue/shared": "npm:3.0.0"
  checksum: 10/442bba3f5b58a6cc20fba0771844efe28c38cbed3042661a5ed629f5d12ee2af4f5fb717b14f60992276251b7be6fd399f489c38a84b6a2beeb0f6f9f6c924c2
  languageName: node
  linkType: hard
