# This file is generated by running "yarn install" inside your project.
# Manual changes might be lost - proceed with caution!

__metadata:
  version: 6
  cacheKey: 8

"@joint/demo-rough@workspace:.":
  version: 0.0.0-use.local
  resolution: "@joint/demo-rough@workspace:."
  dependencies:
    roughjs: ^3.1.0
  languageName: unknown
  linkType: soft

"roughjs@npm:^3.1.0":
  version: 3.1.0
  resolution: "roughjs@npm:3.1.0"
  dependencies:
    workly: ^1.2.0
  checksum: 9519f929a8e7f91cfd92ca4d9fe625f7c2018fb2ccf12f67b61de306e001d294a95ddd76cce08daa8fe078358e48f4b5fde1afc4e841326892dbd77c5a086ded
  languageName: node
  linkType: hard

"workly@npm:^1.2.0":
  version: 1.3.1
  resolution: "workly@npm:1.3.1"
  checksum: fa08b20f0cbc50925b2b42e20bdbda33929a8b9cacbf33ede7cc959d4b9c36717640c59a58f1a5e64bdc3b6d349c0f59525b9b6038945b22652e4dba301ca6b6
  languageName: node
  linkType: hard
