# This file is generated by running "yarn install" inside your project.
# Manual changes might be lost - proceed with caution!

__metadata:
  version: 8
  cacheKey: 10

"@joint/demo-rough@workspace:.":
  version: 0.0.0-use.local
  resolution: "@joint/demo-rough@workspace:."
  dependencies:
    roughjs: "npm:^3.1.0"
  languageName: unknown
  linkType: soft

"roughjs@npm:^3.1.0":
  version: 3.1.0
  resolution: "roughjs@npm:3.1.0"
  dependencies:
    workly: "npm:^1.2.0"
  checksum: 10/a9e756b1447a9b418d15bb1c381fd18450984dfb7b40e542e451a0e9f612731f79fe1e056c23e31a76e1a1a1ba833271923b6939f3652d628245359af1a2df90
  languageName: node
  linkType: hard

"workly@npm:^1.2.0":
  version: 1.3.1
  resolution: "workly@npm:1.3.1"
  checksum: 10/069e7d9256a9b8626242eb28637917b9316d138ee35c8f0344808026d900f3ebd4aee3de025eff41795b811a84acc485264e6af25b3140e1f86ea405d30cdc65
  languageName: node
  linkType: hard
